
Microsoft Visual Studio Solution File, Format Version 12.00
# Visual Studio 15
VisualStudioVersion = 15.0.28307.136
MinimumVisualStudioVersion = 10.0.40219.1
Project("{FAE04EC0-301F-11D3-BF4B-00C04F79EFBC}") = "LabSix", "LabSix\LabSix.csproj", "{6B5B8D87-1ED0-4511-97BC-DB8483972BB2}"
EndProject
Global
	GlobalSection(SolutionConfigurationPlatforms) = preSolution
		Debug|Any CPU = Debug|Any CPU
		Release|Any CPU = Release|Any CPU
	EndGlobalSection
	GlobalSection(ProjectConfigurationPlatforms) = postSolution
		{6B5B8D87-1ED0-4511-97BC-DB8483972BB2}.Debug|Any CPU.ActiveCfg = Debug|Any CPU
		{6B5B8D87-1ED0-4511-97BC-DB8483972BB2}.Debug|Any CPU.Build.0 = Debug|Any CPU
		{6B5B8D87-1ED0-4511-97BC-DB8483972BB2}.Release|Any CPU.ActiveCfg = Release|Any CPU
		{6B5B8D87-1ED0-4511-97BC-DB8483972BB2}.Release|Any CPU.Build.0 = Release|Any CPU
	EndGlobalSection
	GlobalSection(SolutionProperties) = preSolution
		HideSolutionNode = FALSE
	EndGlobalSection
	GlobalSection(ExtensibilityGlobals) = postSolution
		SolutionGuid = {8ECFE236-084F-44BC-8434-CF978F00B9D1}
	EndGlobalSection
EndGlobal
